
Microsoft Visual Studio Solution File, Format Version 12.00
# Visual Studio Version 17
VisualStudioVersion = 17.4.33213.308
MinimumVisualStudioVersion = 10.0.40219.1
Project("{9A19103F-16F7-4668-BE54-9A1E7A4F7556}") = "ArtInstituteChicago.Console", "ArtInstituteChicago.Console\ArtInstituteChicago.Console.csproj", "{47AFC8A1-81A1-443C-9B04-A2BCFF0D216A}"
EndProject
Project("{9A19103F-16F7-4668-BE54-9A1E7A4F7556}") = "ArtInstituteChicago.Client", "ArtInstituteChicago.Client\ArtInstituteChicago.Client.csproj", "{3B9AA3DB-AF2F-490E-99B3-818112944116}"
EndProject
Global
	GlobalSection(SolutionConfigurationPlatforms) = preSolution
		Debug|Any CPU = Debug|Any CPU
		Release|Any CPU = Release|Any CPU
	EndGlobalSection
	GlobalSection(ProjectConfigurationPlatforms) = postSolution
		{47AFC8A1-81A1-443C-9B04-A2BCFF0D216A}.Debug|Any CPU.ActiveCfg = Debug|Any CPU
		{47AFC8A1-81A1-443C-9B04-A2BCFF0D216A}.Debug|Any CPU.Build.0 = Debug|Any CPU
		{47AFC8A1-81A1-443C-9B04-A2BCFF0D216A}.Release|Any CPU.ActiveCfg = Release|Any CPU
		{47AFC8A1-81A1-443C-9B04-A2BCFF0D216A}.Release|Any CPU.Build.0 = Release|Any CPU
		{3B9AA3DB-AF2F-490E-99B3-818112944116}.Debug|Any CPU.ActiveCfg = Debug|Any CPU
		{3B9AA3DB-AF2F-490E-99B3-818112944116}.Debug|Any CPU.Build.0 = Debug|Any CPU
		{3B9AA3DB-AF2F-490E-99B3-818112944116}.Release|Any CPU.ActiveCfg = Release|Any CPU
		{3B9AA3DB-AF2F-490E-99B3-818112944116}.Release|Any CPU.Build.0 = Release|Any CPU
	EndGlobalSection
	GlobalSection(SolutionProperties) = preSolution
		HideSolutionNode = FALSE
	EndGlobalSection
	GlobalSection(ExtensibilityGlobals) = postSolution
		SolutionGuid = {F6992A76-9D4D-4CE6-B480-AA8FEC7ACF9D}
	EndGlobalSection
EndGlobal
