Microsoft Visual Studio Solution File, Format Version 12.00
# Visual Studio Version 17
VisualStudioVersion = 17.5.2.0
MinimumVisualStudioVersion = 10.0.40219.1
Project("{FAE04EC0-301F-11D3-BF4B-00C04F79EFBC}") = "WebSpark.ArtSpark.Demo", "WebSpark.ArtSpark.Demo.csproj", "{87C7674B-B1A3-5EED-4C6F-AEE710339B83}"
EndProject
Global
	GlobalSection(SolutionConfigurationPlatforms) = preSolution
		Debug|Any CPU = Debug|Any CPU
		Release|Any CPU = Release|Any CPU
	EndGlobalSection
	GlobalSection(ProjectConfigurationPlatforms) = postSolution
		{87C7674B-B1A3-5EED-4C6F-AEE710339B83}.Debug|Any CPU.ActiveCfg = Debug|Any CPU
		{87C7674B-B1A3-5EED-4C6F-AEE710339B83}.Debug|Any CPU.Build.0 = Debug|Any CPU
		{87C7674B-B1A3-5EED-4C6F-AEE710339B83}.Release|Any CPU.ActiveCfg = Release|Any CPU
		{87C7674B-B1A3-5EED-4C6F-AEE710339B83}.Release|Any CPU.Build.0 = Release|Any CPU
	EndGlobalSection
	GlobalSection(SolutionProperties) = preSolution
		HideSolutionNode = FALSE
	EndGlobalSection
	GlobalSection(ExtensibilityGlobals) = postSolution
		SolutionGuid = {641CE950-6476-4B6F-A38B-8E6A76356AB3}
	EndGlobalSection
EndGlobal
